// !$*UTF8*$!
{
	archiveVersion = 1;
	classes = {
	};
	objectVersion = 56;
	objects = {

/* Begin PBXBuildFile section */
		E6635A912C4EEB9E00424F14 /* AppDelegate.swift in Sources */ = {isa = PBXBuildFile; fileRef = E6635A902C4EEB9E00424F14 /* AppDelegate.swift */; };
		E6635A932C4EEB9E00424F14 /* SceneDelegate.swift in Sources */ = {isa = PBXBuildFile; fileRef = E6635A922C4EEB9E00424F14 /* SceneDelegate.swift */; };
		E6635A9A2C4EEB9F00424F14 /* Assets.xcassets in Resources */ = {isa = PBXBuildFile; fileRef = E6635A992C4EEB9F00424F14 /* Assets.xcassets */; };
		E6635A9D2C4EEB9F00424F14 /* Base in Resources */ = {isa = PBXBuildFile; fileRef = E6635A9C2C4EEB9F00424F14 /* Base */; };
		E6635AA82C4EEB9F00424F14 /* SalmaAiTaskTests.swift in Sources */ = {isa = PBXBuildFile; fileRef = E6635AA72C4EEB9F00424F14 /* SalmaAiTaskTests.swift */; };
		E6635AB22C4EEB9F00424F14 /* SalmaAiTaskUITests.swift in Sources */ = {isa = PBXBuildFile; fileRef = E6635AB12C4EEB9F00424F14 /* SalmaAiTaskUITests.swift */; };
		E6635AB42C4EEB9F00424F14 /* SalmaAiTaskUITestsLaunchTests.swift in Sources */ = {isa = PBXBuildFile; fileRef = E6635AB32C4EEB9F00424F14 /* SalmaAiTaskUITestsLaunchTests.swift */; };
		E6635AC52C4EF24400424F14 /* CountriesViewController.swift in Sources */ = {isa = PBXBuildFile; fileRef = E6635AC42C4EF24400424F14 /* CountriesViewController.swift */; };
		E6635AC92C4EF38E00424F14 /* Alamofire in Frameworks */ = {isa = PBXBuildFile; productRef = E6635AC82C4EF38E00424F14 /* Alamofire */; };
		E6635ACC2C4EF3D900424F14 /* RealmSwift in Frameworks */ = {isa = PBXBuildFile; productRef = E6635ACB2C4EF3D900424F14 /* RealmSwift */; };
		E6635ACF2C4EF49D00424F14 /* RealmManager.swift in Sources */ = {isa = PBXBuildFile; fileRef = E6635ACE2C4EF49D00424F14 /* RealmManager.swift */; };
		E6635AD32C4EF67900424F14 /* CountryModel.swift in Sources */ = {isa = PBXBuildFile; fileRef = E6635AD22C4EF67900424F14 /* CountryModel.swift */; };
		E6635AD62C4EF8F000424F14 /* CountriesAPI.swift in Sources */ = {isa = PBXBuildFile; fileRef = E6635AD52C4EF8F000424F14 /* CountriesAPI.swift */; };
		E6635AD92C4EFA2D00424F14 /* SalmaAPIServices.swift in Sources */ = {isa = PBXBuildFile; fileRef = E6635AD82C4EFA2D00424F14 /* SalmaAPIServices.swift */; };
		E6635ADE2C4EFBE400424F14 /* CountriesViewModel.swift in Sources */ = {isa = PBXBuildFile; fileRef = E6635ADD2C4EFBE400424F14 /* CountriesViewModel.swift */; };
		E6635AE12C4F008000424F14 /* AppCoordinator.swift in Sources */ = {isa = PBXBuildFile; fileRef = E6635AE02C4F008000424F14 /* AppCoordinator.swift */; };
		E6635AE32C4F062400424F14 /* CountryTVC.swift in Sources */ = {isa = PBXBuildFile; fileRef = E6635AE22C4F062400424F14 /* CountryTVC.swift */; };
		E6635AE62C4F097100424F14 /* SDWebImage in Frameworks */ = {isa = PBXBuildFile; productRef = E6635AE52C4F097100424F14 /* SDWebImage */; };
		E6635AE92C4F09AD00424F14 /* UIIMageView+Extenstions.swift in Sources */ = {isa = PBXBuildFile; fileRef = E6635AE82C4F09AD00424F14 /* UIIMageView+Extenstions.swift */; };
		E6635AED2C4FEC6E00424F14 /* RxBlocking in Frameworks */ = {isa = PBXBuildFile; productRef = E6635AEC2C4FEC6E00424F14 /* RxBlocking */; };
		E6635AEF2C4FEC6E00424F14 /* RxCocoa in Frameworks */ = {isa = PBXBuildFile; productRef = E6635AEE2C4FEC6E00424F14 /* RxCocoa */; };
		E6635AF12C4FEC6E00424F14 /* RxRelay in Frameworks */ = {isa = PBXBuildFile; productRef = E6635AF02C4FEC6E00424F14 /* RxRelay */; };
		E6635AF62C501C2200424F14 /* SalmaKeys.swift in Sources */ = {isa = PBXBuildFile; fileRef = E6635AF52C501C2200424F14 /* SalmaKeys.swift */; };
/* End PBXBuildFile section */

/* Begin PBXContainerItemProxy section */
		E6635AA42C4EEB9F00424F14 /* PBXContainerItemProxy */ = {
			isa = PBXContainerItemProxy;
			containerPortal = E6635A852C4EEB9D00424F14 /* Project object */;
			proxyType = 1;
			remoteGlobalIDString = E6635A8C2C4EEB9E00424F14;
			remoteInfo = SalmaAiTask;
		};
		E6635AAE2C4EEB9F00424F14 /* PBXContainerItemProxy */ = {
			isa = PBXContainerItemProxy;
			containerPortal = E6635A852C4EEB9D00424F14 /* Project object */;
			proxyType = 1;
			remoteGlobalIDString = E6635A8C2C4EEB9E00424F14;
			remoteInfo = SalmaAiTask;
		};
/* End PBXContainerItemProxy section */

/* Begin PBXFileReference section */
		E6635A8D2C4EEB9E00424F14 /* SalmaAiTask.app */ = {isa = PBXFileReference; explicitFileType = wrapper.application; includeInIndex = 0; path = SalmaAiTask.app; sourceTree = BUILT_PRODUCTS_DIR; };
		E6635A902C4EEB9E00424F14 /* AppDelegate.swift */ = {isa = PBXFileReference; lastKnownFileType = sourcecode.swift; path = AppDelegate.swift; sourceTree = "<group>"; };
		E6635A922C4EEB9E00424F14 /* SceneDelegate.swift */ = {isa = PBXFileReference; lastKnownFileType = sourcecode.swift; path = SceneDelegate.swift; sourceTree = "<group>"; };
		E6635A992C4EEB9F00424F14 /* Assets.xcassets */ = {isa = PBXFileReference; lastKnownFileType = folder.assetcatalog; path = Assets.xcassets; sourceTree = "<group>"; };
		E6635A9C2C4EEB9F00424F14 /* Base */ = {isa = PBXFileReference; lastKnownFileType = file.storyboard; name = Base; path = Base.lproj/LaunchScreen.storyboard; sourceTree = "<group>"; };
		E6635A9E2C4EEB9F00424F14 /* Info.plist */ = {isa = PBXFileReference; lastKnownFileType = text.plist.xml; path = Info.plist; sourceTree = "<group>"; };
		E6635AA32C4EEB9F00424F14 /* SalmaAiTaskTests.xctest */ = {isa = PBXFileReference; explicitFileType = wrapper.cfbundle; includeInIndex = 0; path = SalmaAiTaskTests.xctest; sourceTree = BUILT_PRODUCTS_DIR; };
		E6635AA72C4EEB9F00424F14 /* SalmaAiTaskTests.swift */ = {isa = PBXFileReference; lastKnownFileType = sourcecode.swift; path = SalmaAiTaskTests.swift; sourceTree = "<group>"; };
		E6635AAD2C4EEB9F00424F14 /* SalmaAiTaskUITests.xctest */ = {isa = PBXFileReference; explicitFileType = wrapper.cfbundle; includeInIndex = 0; path = SalmaAiTaskUITests.xctest; sourceTree = BUILT_PRODUCTS_DIR; };
		E6635AB12C4EEB9F00424F14 /* SalmaAiTaskUITests.swift */ = {isa = PBXFileReference; lastKnownFileType = sourcecode.swift; path = SalmaAiTaskUITests.swift; sourceTree = "<group>"; };
		E6635AB32C4EEB9F00424F14 /* SalmaAiTaskUITestsLaunchTests.swift */ = {isa = PBXFileReference; lastKnownFileType = sourcecode.swift; path = SalmaAiTaskUITestsLaunchTests.swift; sourceTree = "<group>"; };
		E6635AC42C4EF24400424F14 /* CountriesViewController.swift */ = {isa = PBXFileReference; lastKnownFileType = sourcecode.swift; path = CountriesViewController.swift; sourceTree = "<group>"; };
		E6635ACE2C4EF49D00424F14 /* RealmManager.swift */ = {isa = PBXFileReference; lastKnownFileType = sourcecode.swift; path = RealmManager.swift; sourceTree = "<group>"; };
		E6635AD22C4EF67900424F14 /* CountryModel.swift */ = {isa = PBXFileReference; lastKnownFileType = sourcecode.swift; path = CountryModel.swift; sourceTree = "<group>"; };
		E6635AD52C4EF8F000424F14 /* CountriesAPI.swift */ = {isa = PBXFileReference; lastKnownFileType = sourcecode.swift; path = CountriesAPI.swift; sourceTree = "<group>"; };
		E6635AD82C4EFA2D00424F14 /* SalmaAPIServices.swift */ = {isa = PBXFileReference; lastKnownFileType = sourcecode.swift; path = SalmaAPIServices.swift; sourceTree = "<group>"; };
		E6635ADD2C4EFBE400424F14 /* CountriesViewModel.swift */ = {isa = PBXFileReference; lastKnownFileType = sourcecode.swift; path = CountriesViewModel.swift; sourceTree = "<group>"; };
		E6635AE02C4F008000424F14 /* AppCoordinator.swift */ = {isa = PBXFileReference; lastKnownFileType = sourcecode.swift; path = AppCoordinator.swift; sourceTree = "<group>"; };
		E6635AE22C4F062400424F14 /* CountryTVC.swift */ = {isa = PBXFileReference; lastKnownFileType = sourcecode.swift; path = CountryTVC.swift; sourceTree = "<group>"; };
		E6635AE82C4F09AD00424F14 /* UIIMageView+Extenstions.swift */ = {isa = PBXFileReference; lastKnownFileType = sourcecode.swift; path = "UIIMageView+Extenstions.swift"; sourceTree = "<group>"; };
		E6635AF52C501C2200424F14 /* SalmaKeys.swift */ = {isa = PBXFileReference; lastKnownFileType = sourcecode.swift; path = SalmaKeys.swift; sourceTree = "<group>"; };
/* End PBXFileReference section */

/* Begin PBXFrameworksBuildPhase section */
		E6635A8A2C4EEB9E00424F14 /* Frameworks */ = {
			isa = PBXFrameworksBuildPhase;
			buildActionMask = 2147483647;
			files = (
				E6635AF12C4FEC6E00424F14 /* RxRelay in Frameworks */,
				E6635AE62C4F097100424F14 /* SDWebImage in Frameworks */,
				E6635AED2C4FEC6E00424F14 /* RxBlocking in Frameworks */,
				E6635AEF2C4FEC6E00424F14 /* RxCocoa in Frameworks */,
				E6635ACC2C4EF3D900424F14 /* RealmSwift in Frameworks */,
				E6635AC92C4EF38E00424F14 /* Alamofire in Frameworks */,
			);
			runOnlyForDeploymentPostprocessing = 0;
		};
		E6635AA02C4EEB9F00424F14 /* Frameworks */ = {
			isa = PBXFrameworksBuildPhase;
			buildActionMask = 2147483647;
			files = (
			);
			runOnlyForDeploymentPostprocessing = 0;
		};
		E6635AAA2C4EEB9F00424F14 /* Frameworks */ = {
			isa = PBXFrameworksBuildPhase;
			buildActionMask = 2147483647;
			files = (
			);
			runOnlyForDeploymentPostprocessing = 0;
		};
/* End PBXFrameworksBuildPhase section */

/* Begin PBXGroup section */
		E6635A842C4EEB9D00424F14 = {
			isa = PBXGroup;
			children = (
				E6635A8F2C4EEB9E00424F14 /* SalmaAiTask */,
				E6635AA62C4EEB9F00424F14 /* SalmaAiTaskTests */,
				E6635AB02C4EEB9F00424F14 /* SalmaAiTaskUITests */,
				E6635A8E2C4EEB9E00424F14 /* Products */,
			);
			sourceTree = "<group>";
		};
		E6635A8E2C4EEB9E00424F14 /* Products */ = {
			isa = PBXGroup;
			children = (
				E6635A8D2C4EEB9E00424F14 /* SalmaAiTask.app */,
				E6635AA32C4EEB9F00424F14 /* SalmaAiTaskTests.xctest */,
				E6635AAD2C4EEB9F00424F14 /* SalmaAiTaskUITests.xctest */,
			);
			name = Products;
			sourceTree = "<group>";
		};
		E6635A8F2C4EEB9E00424F14 /* SalmaAiTask */ = {
			isa = PBXGroup;
			children = (
				E6635AE72C4F099B00424F14 /* Extenstions */,
				E6635AD02C4EF60B00424F14 /* Networking */,
				E6635ACD2C4EF48A00424F14 /* Caching */,
				E6635AC22C4EEC7B00424F14 /* General */,
				E6635AC12C4EEC6A00424F14 /* Resources */,
				E6635AC02C4EEC4900424F14 /* Features */,
				E6635A9B2C4EEB9F00424F14 /* LaunchScreen.storyboard */,
				E6635A9E2C4EEB9F00424F14 /* Info.plist */,
			);
			path = SalmaAiTask;
			sourceTree = "<group>";
		};
		E6635AA62C4EEB9F00424F14 /* SalmaAiTaskTests */ = {
			isa = PBXGroup;
			children = (
				E6635AA72C4EEB9F00424F14 /* SalmaAiTaskTests.swift */,
			);
			path = SalmaAiTaskTests;
			sourceTree = "<group>";
		};
		E6635AB02C4EEB9F00424F14 /* SalmaAiTaskUITests */ = {
			isa = PBXGroup;
			children = (
				E6635AB12C4EEB9F00424F14 /* SalmaAiTaskUITests.swift */,
				E6635AB32C4EEB9F00424F14 /* SalmaAiTaskUITestsLaunchTests.swift */,
			);
			path = SalmaAiTaskUITests;
			sourceTree = "<group>";
		};
		E6635AC02C4EEC4900424F14 /* Features */ = {
			isa = PBXGroup;
			children = (
				E6635AC32C4EF21C00424F14 /* Countries */,
			);
			path = Features;
			sourceTree = "<group>";
		};
		E6635AC12C4EEC6A00424F14 /* Resources */ = {
			isa = PBXGroup;
			children = (
				E6635A992C4EEB9F00424F14 /* Assets.xcassets */,
			);
			path = Resources;
			sourceTree = "<group>";
		};
		E6635AC22C4EEC7B00424F14 /* General */ = {
			isa = PBXGroup;
			children = (
				E6635AF42C501C1900424F14 /* Keys */,
				E6635A902C4EEB9E00424F14 /* AppDelegate.swift */,
				E6635A922C4EEB9E00424F14 /* SceneDelegate.swift */,
				E6635AE02C4F008000424F14 /* AppCoordinator.swift */,
			);
			path = General;
			sourceTree = "<group>";
		};
		E6635AC32C4EF21C00424F14 /* Countries */ = {
			isa = PBXGroup;
			children = (
				E6635AEA2C4FDFF000424F14 /* View Model */,
				E6635AD12C4EF65C00424F14 /* Models */,
				E6635AC62C4EF24800424F14 /* Views */,
				E6635AC42C4EF24400424F14 /* CountriesViewController.swift */,
			);
			path = Countries;
			sourceTree = "<group>";
		};
		E6635AC62C4EF24800424F14 /* Views */ = {
			isa = PBXGroup;
			children = (
				E6635AE22C4F062400424F14 /* CountryTVC.swift */,
			);
			path = Views;
			sourceTree = "<group>";
		};
		E6635ACD2C4EF48A00424F14 /* Caching */ = {
			isa = PBXGroup;
			children = (
				E6635ACE2C4EF49D00424F14 /* RealmManager.swift */,
			);
			path = Caching;
			sourceTree = "<group>";
		};
		E6635AD02C4EF60B00424F14 /* Networking */ = {
			isa = PBXGroup;
			children = (
				E6635AD42C4EF8BA00424F14 /* Modules */,
				E6635AD82C4EFA2D00424F14 /* SalmaAPIServices.swift */,
			);
			path = Networking;
			sourceTree = "<group>";
		};
		E6635AD12C4EF65C00424F14 /* Models */ = {
			isa = PBXGroup;
			children = (
				E6635AD22C4EF67900424F14 /* CountryModel.swift */,
			);
			path = Models;
			sourceTree = "<group>";
		};
		E6635AD42C4EF8BA00424F14 /* Modules */ = {
			isa = PBXGroup;
			children = (
				E6635AD72C4EF9B500424F14 /* Countries */,
			);
			path = Modules;
			sourceTree = "<group>";
		};
		E6635AD72C4EF9B500424F14 /* Countries */ = {
			isa = PBXGroup;
			children = (
				E6635AD52C4EF8F000424F14 /* CountriesAPI.swift */,
			);
			path = Countries;
			sourceTree = "<group>";
		};
		E6635AE72C4F099B00424F14 /* Extenstions */ = {
			isa = PBXGroup;
			children = (
				E6635AE82C4F09AD00424F14 /* UIIMageView+Extenstions.swift */,
			);
			path = Extenstions;
			sourceTree = "<group>";
		};
		E6635AEA2C4FDFF000424F14 /* View Model */ = {
			isa = PBXGroup;
			children = (
				E6635ADD2C4EFBE400424F14 /* CountriesViewModel.swift */,
			);
			path = "View Model";
			sourceTree = "<group>";
		};
		E6635AF42C501C1900424F14 /* Keys */ = {
			isa = PBXGroup;
			children = (
				E6635AF52C501C2200424F14 /* SalmaKeys.swift */,
			);
			path = Keys;
			sourceTree = "<group>";
		};
/* End PBXGroup section */

/* Begin PBXNativeTarget section */
		E6635A8C2C4EEB9E00424F14 /* SalmaAiTask */ = {
			isa = PBXNativeTarget;
			buildConfigurationList = E6635AB72C4EEB9F00424F14 /* Build configuration list for PBXNativeTarget "SalmaAiTask" */;
			buildPhases = (
				E6635A892C4EEB9E00424F14 /* Sources */,
				E6635A8A2C4EEB9E00424F14 /* Frameworks */,
				E6635A8B2C4EEB9E00424F14 /* Resources */,
			);
			buildRules = (
			);
			dependencies = (
			);
			name = SalmaAiTask;
			packageProductDependencies = (
				E6635AC82C4EF38E00424F14 /* Alamofire */,
				E6635ACB2C4EF3D900424F14 /* RealmSwift */,
				E6635AE52C4F097100424F14 /* SDWebImage */,
				E6635AEC2C4FEC6E00424F14 /* RxBlocking */,
				E6635AEE2C4FEC6E00424F14 /* RxCocoa */,
				E6635AF02C4FEC6E00424F14 /* RxRelay */,
			);
			productName = SalmaAiTask;
			productReference = E6635A8D2C4EEB9E00424F14 /* SalmaAiTask.app */;
			productType = "com.apple.product-type.application";
		};
		E6635AA22C4EEB9F00424F14 /* SalmaAiTaskTests */ = {
			isa = PBXNativeTarget;
			buildConfigurationList = E6635ABA2C4EEB9F00424F14 /* Build configuration list for PBXNativeTarget "SalmaAiTaskTests" */;
			buildPhases = (
				E6635A9F2C4EEB9F00424F14 /* Sources */,
				E6635AA02C4EEB9F00424F14 /* Frameworks */,
				E6635AA12C4EEB9F00424F14 /* Resources */,
			);
			buildRules = (
			);
			dependencies = (
				E6635AA52C4EEB9F00424F14 /* PBXTargetDependency */,
			);
			name = SalmaAiTaskTests;
			productName = SalmaAiTaskTests;
			productReference = E6635AA32C4EEB9F00424F14 /* SalmaAiTaskTests.xctest */;
			productType = "com.apple.product-type.bundle.unit-test";
		};
		E6635AAC2C4EEB9F00424F14 /* SalmaAiTaskUITests */ = {
			isa = PBXNativeTarget;
			buildConfigurationList = E6635ABD2C4EEB9F00424F14 /* Build configuration list for PBXNativeTarget "SalmaAiTaskUITests" */;
			buildPhases = (
				E6635AA92C4EEB9F00424F14 /* Sources */,
				E6635AAA2C4EEB9F00424F14 /* Frameworks */,
				E6635AAB2C4EEB9F00424F14 /* Resources */,
			);
			buildRules = (
			);
			dependencies = (
				E6635AAF2C4EEB9F00424F14 /* PBXTargetDependency */,
			);
			name = SalmaAiTaskUITests;
			productName = SalmaAiTaskUITests;
			productReference = E6635AAD2C4EEB9F00424F14 /* SalmaAiTaskUITests.xctest */;
			productType = "com.apple.product-type.bundle.ui-testing";
		};
/* End PBXNativeTarget section */

/* Begin PBXProject section */
		E6635A852C4EEB9D00424F14 /* Project object */ = {
			isa = PBXProject;
			attributes = {
				BuildIndependentTargetsInParallel = 1;
				LastSwiftUpdateCheck = 1540;
				LastUpgradeCheck = 1540;
				TargetAttributes = {
					E6635A8C2C4EEB9E00424F14 = {
						CreatedOnToolsVersion = 15.4;
					};
					E6635AA22C4EEB9F00424F14 = {
						CreatedOnToolsVersion = 15.4;
						TestTargetID = E6635A8C2C4EEB9E00424F14;
					};
					E6635AAC2C4EEB9F00424F14 = {
						CreatedOnToolsVersion = 15.4;
						TestTargetID = E6635A8C2C4EEB9E00424F14;
					};
				};
			};
			buildConfigurationList = E6635A882C4EEB9D00424F14 /* Build configuration list for PBXProject "SalmaAiTask" */;
			compatibilityVersion = "Xcode 14.0";
			developmentRegion = en;
			hasScannedForEncodings = 0;
			knownRegions = (
				en,
				Base,
			);
			mainGroup = E6635A842C4EEB9D00424F14;
			packageReferences = (
				E6635AC72C4EF38D00424F14 /* XCRemoteSwiftPackageReference "Alamofire" */,
				E6635ACA2C4EF3D900424F14 /* XCRemoteSwiftPackageReference "realm-swift" */,
				E6635AE42C4F097100424F14 /* XCRemoteSwiftPackageReference "SDWebImage" */,
				E6635AEB2C4FEC6E00424F14 /* XCRemoteSwiftPackageReference "RxSwift" */,
			);
			productRefGroup = E6635A8E2C4EEB9E00424F14 /* Products */;
			projectDirPath = "";
			projectRoot = "";
			targets = (
				E6635A8C2C4EEB9E00424F14 /* SalmaAiTask */,
				E6635AA22C4EEB9F00424F14 /* SalmaAiTaskTests */,
				E6635AAC2C4EEB9F00424F14 /* SalmaAiTaskUITests */,
			);
		};
/* End PBXProject section */

/* Begin PBXResourcesBuildPhase section */
		E6635A8B2C4EEB9E00424F14 /* Resources */ = {
			isa = PBXResourcesBuildPhase;
			buildActionMask = 2147483647;
			files = (
				E6635A9A2C4EEB9F00424F14 /* Assets.xcassets in Resources */,
				E6635A9D2C4EEB9F00424F14 /* Base in Resources */,
			);
			runOnlyForDeploymentPostprocessing = 0;
		};
		E6635AA12C4EEB9F00424F14 /* Resources */ = {
			isa = PBXResourcesBuildPhase;
			buildActionMask = 2147483647;
			files = (
			);
			runOnlyForDeploymentPostprocessing = 0;
		};
		E6635AAB2C4EEB9F00424F14 /* Resources */ = {
			isa = PBXResourcesBuildPhase;
			buildActionMask = 2147483647;
			files = (
			);
			runOnlyForDeploymentPostprocessing = 0;
		};
/* End PBXResourcesBuildPhase section */

/* Begin PBXSourcesBuildPhase section */
		E6635A892C4EEB9E00424F14 /* Sources */ = {
			isa = PBXSourcesBuildPhase;
			buildActionMask = 2147483647;
			files = (
				E6635A912C4EEB9E00424F14 /* AppDelegate.swift in Sources */,
				E6635AD92C4EFA2D00424F14 /* SalmaAPIServices.swift in Sources */,
				E6635ADE2C4EFBE400424F14 /* CountriesViewModel.swift in Sources */,
				E6635AD62C4EF8F000424F14 /* CountriesAPI.swift in Sources */,
				E6635AE92C4F09AD00424F14 /* UIIMageView+Extenstions.swift in Sources */,
				E6635ACF2C4EF49D00424F14 /* RealmManager.swift in Sources */,
				E6635A932C4EEB9E00424F14 /* SceneDelegate.swift in Sources */,
				E6635AE32C4F062400424F14 /* CountryTVC.swift in Sources */,
				E6635AF62C501C2200424F14 /* SalmaKeys.swift in Sources */,
				E6635AE12C4F008000424F14 /* AppCoordinator.swift in Sources */,
				E6635AC52C4EF24400424F14 /* CountriesViewController.swift in Sources */,
				E6635AD32C4EF67900424F14 /* CountryModel.swift in Sources */,
			);
			runOnlyForDeploymentPostprocessing = 0;
		};
		E6635A9F2C4EEB9F00424F14 /* Sources */ = {
			isa = PBXSourcesBuildPhase;
			buildActionMask = 2147483647;
			files = (
				E6635AA82C4EEB9F00424F14 /* SalmaAiTaskTests.swift in Sources */,
			);
			runOnlyForDeploymentPostprocessing = 0;
		};
		E6635AA92C4EEB9F00424F14 /* Sources */ = {
			isa = PBXSourcesBuildPhase;
			buildActionMask = 2147483647;
			files = (
				E6635AB42C4EEB9F00424F14 /* SalmaAiTaskUITestsLaunchTests.swift in Sources */,
				E6635AB22C4EEB9F00424F14 /* SalmaAiTaskUITests.swift in Sources */,
			);
			runOnlyForDeploymentPostprocessing = 0;
		};
/* End PBXSourcesBuildPhase section */

/* Begin PBXTargetDependency section */
		E6635AA52C4EEB9F00424F14 /* PBXTargetDependency */ = {
			isa = PBXTargetDependency;
			target = E6635A8C2C4EEB9E00424F14 /* SalmaAiTask */;
			targetProxy = E6635AA42C4EEB9F00424F14 /* PBXContainerItemProxy */;
		};
		E6635AAF2C4EEB9F00424F14 /* PBXTargetDependency */ = {
			isa = PBXTargetDependency;
			target = E6635A8C2C4EEB9E00424F14 /* SalmaAiTask */;
			targetProxy = E6635AAE2C4EEB9F00424F14 /* PBXContainerItemProxy */;
		};
/* End PBXTargetDependency section */

/* Begin PBXVariantGroup section */
		E6635A9B2C4EEB9F00424F14 /* LaunchScreen.storyboard */ = {
			isa = PBXVariantGroup;
			children = (
				E6635A9C2C4EEB9F00424F14 /* Base */,
			);
			name = LaunchScreen.storyboard;
			sourceTree = "<group>";
		};
/* End PBXVariantGroup section */

/* Begin XCBuildConfiguration section */
		E6635AB52C4EEB9F00424F14 /* Debug */ = {
			isa = XCBuildConfiguration;
			buildSettings = {
				ALWAYS_SEARCH_USER_PATHS = NO;
				ASSETCATALOG_COMPILER_GENERATE_SWIFT_ASSET_SYMBOL_EXTENSIONS = YES;
				CLANG_ANALYZER_NONNULL = YES;
				CLANG_ANALYZER_NUMBER_OBJECT_CONVERSION = YES_AGGRESSIVE;
				CLANG_CXX_LANGUAGE_STANDARD = "gnu++20";
				CLANG_ENABLE_MODULES = YES;
				CLANG_ENABLE_OBJC_ARC = YES;
				CLANG_ENABLE_OBJC_WEAK = YES;
				CLANG_WARN_BLOCK_CAPTURE_AUTORELEASING = YES;
				CLANG_WARN_BOOL_CONVERSION = YES;
				CLANG_WARN_COMMA = YES;
				CLANG_WARN_CONSTANT_CONVERSION = YES;
				CLANG_WARN_DEPRECATED_OBJC_IMPLEMENTATIONS = YES;
				CLANG_WARN_DIRECT_OBJC_ISA_USAGE = YES_ERROR;
				CLANG_WARN_DOCUMENTATION_COMMENTS = YES;
				CLANG_WARN_EMPTY_BODY = YES;
				CLANG_WARN_ENUM_CONVERSION = YES;
				CLANG_WARN_INFINITE_RECURSION = YES;
				CLANG_WARN_INT_CONVERSION = YES;
				CLANG_WARN_NON_LITERAL_NULL_CONVERSION = YES;
				CLANG_WARN_OBJC_IMPLICIT_RETAIN_SELF = YES;
				CLANG_WARN_OBJC_LITERAL_CONVERSION = YES;
				CLANG_WARN_OBJC_ROOT_CLASS = YES_ERROR;
				CLANG_WARN_QUOTED_INCLUDE_IN_FRAMEWORK_HEADER = YES;
				CLANG_WARN_RANGE_LOOP_ANALYSIS = YES;
				CLANG_WARN_STRICT_PROTOTYPES = YES;
				CLANG_WARN_SUSPICIOUS_MOVE = YES;
				CLANG_WARN_UNGUARDED_AVAILABILITY = YES_AGGRESSIVE;
				CLANG_WARN_UNREACHABLE_CODE = YES;
				CLANG_WARN__DUPLICATE_METHOD_MATCH = YES;
				COPY_PHASE_STRIP = NO;
				DEBUG_INFORMATION_FORMAT = dwarf;
				ENABLE_STRICT_OBJC_MSGSEND = YES;
				ENABLE_TESTABILITY = YES;
				ENABLE_USER_SCRIPT_SANDBOXING = YES;
				GCC_C_LANGUAGE_STANDARD = gnu17;
				GCC_DYNAMIC_NO_PIC = NO;
				GCC_NO_COMMON_BLOCKS = YES;
				GCC_OPTIMIZATION_LEVEL = 0;
				GCC_PREPROCESSOR_DEFINITIONS = (
					"DEBUG=1",
					"$(inherited)",
				);
				GCC_WARN_64_TO_32_BIT_CONVERSION = YES;
				GCC_WARN_ABOUT_RETURN_TYPE = YES_ERROR;
				GCC_WARN_UNDECLARED_SELECTOR = YES;
				GCC_WARN_UNINITIALIZED_AUTOS = YES_AGGRESSIVE;
				GCC_WARN_UNUSED_FUNCTION = YES;
				GCC_WARN_UNUSED_VARIABLE = YES;
				IPHONEOS_DEPLOYMENT_TARGET = 17.5;
				LOCALIZATION_PREFERS_STRING_CATALOGS = YES;
				MTL_ENABLE_DEBUG_INFO = INCLUDE_SOURCE;
				MTL_FAST_MATH = YES;
				ONLY_ACTIVE_ARCH = YES;
				SDKROOT = iphoneos;
				SWIFT_ACTIVE_COMPILATION_CONDITIONS = "DEBUG $(inherited)";
				SWIFT_OPTIMIZATION_LEVEL = "-Onone";
			};
			name = Debug;
		};
		E6635AB62C4EEB9F00424F14 /* Release */ = {
			isa = XCBuildConfiguration;
			buildSettings = {
				ALWAYS_SEARCH_USER_PATHS = NO;
				ASSETCATALOG_COMPILER_GENERATE_SWIFT_ASSET_SYMBOL_EXTENSIONS = YES;
				CLANG_ANALYZER_NONNULL = YES;
				CLANG_ANALYZER_NUMBER_OBJECT_CONVERSION = YES_AGGRESSIVE;
				CLANG_CXX_LANGUAGE_STANDARD = "gnu++20";
				CLANG_ENABLE_MODULES = YES;
				CLANG_ENABLE_OBJC_ARC = YES;
				CLANG_ENABLE_OBJC_WEAK = YES;
				CLANG_WARN_BLOCK_CAPTURE_AUTORELEASING = YES;
				CLANG_WARN_BOOL_CONVERSION = YES;
				CLANG_WARN_COMMA = YES;
				CLANG_WARN_CONSTANT_CONVERSION = YES;
				CLANG_WARN_DEPRECATED_OBJC_IMPLEMENTATIONS = YES;
				CLANG_WARN_DIRECT_OBJC_ISA_USAGE = YES_ERROR;
				CLANG_WARN_DOCUMENTATION_COMMENTS = YES;
				CLANG_WARN_EMPTY_BODY = YES;
				CLANG_WARN_ENUM_CONVERSION = YES;
				CLANG_WARN_INFINITE_RECURSION = YES;
				CLANG_WARN_INT_CONVERSION = YES;
				CLANG_WARN_NON_LITERAL_NULL_CONVERSION = YES;
				CLANG_WARN_OBJC_IMPLICIT_RETAIN_SELF = YES;
				CLANG_WARN_OBJC_LITERAL_CONVERSION = YES;
				CLANG_WARN_OBJC_ROOT_CLASS = YES_ERROR;
				CLANG_WARN_QUOTED_INCLUDE_IN_FRAMEWORK_HEADER = YES;
				CLANG_WARN_RANGE_LOOP_ANALYSIS = YES;
				CLANG_WARN_STRICT_PROTOTYPES = YES;
				CLANG_WARN_SUSPICIOUS_MOVE = YES;
				CLANG_WARN_UNGUARDED_AVAILABILITY = YES_AGGRESSIVE;
				CLANG_WARN_UNREACHABLE_CODE = YES;
				CLANG_WARN__DUPLICATE_METHOD_MATCH = YES;
				COPY_PHASE_STRIP = NO;
				DEBUG_INFORMATION_FORMAT = "dwarf-with-dsym";
				ENABLE_NS_ASSERTIONS = NO;
				ENABLE_STRICT_OBJC_MSGSEND = YES;
				ENABLE_USER_SCRIPT_SANDBOXING = YES;
				GCC_C_LANGUAGE_STANDARD = gnu17;
				GCC_NO_COMMON_BLOCKS = YES;
				GCC_WARN_64_TO_32_BIT_CONVERSION = YES;
				GCC_WARN_ABOUT_RETURN_TYPE = YES_ERROR;
				GCC_WARN_UNDECLARED_SELECTOR = YES;
				GCC_WARN_UNINITIALIZED_AUTOS = YES_AGGRESSIVE;
				GCC_WARN_UNUSED_FUNCTION = YES;
				GCC_WARN_UNUSED_VARIABLE = YES;
				IPHONEOS_DEPLOYMENT_TARGET = 17.5;
				LOCALIZATION_PREFERS_STRING_CATALOGS = YES;
				MTL_ENABLE_DEBUG_INFO = NO;
				MTL_FAST_MATH = YES;
				SDKROOT = iphoneos;
				SWIFT_COMPILATION_MODE = wholemodule;
				VALIDATE_PRODUCT = YES;
			};
			name = Release;
		};
		E6635AB82C4EEB9F00424F14 /* Debug */ = {
			isa = XCBuildConfiguration;
			buildSettings = {
				ASSETCATALOG_COMPILER_APPICON_NAME = AppIcon;
				ASSETCATALOG_COMPILER_GLOBAL_ACCENT_COLOR_NAME = AccentColor;
				CODE_SIGN_STYLE = Automatic;
				CURRENT_PROJECT_VERSION = 1;
				DEVELOPMENT_TEAM = HHZ4ST2Q6B;
				GENERATE_INFOPLIST_FILE = YES;
				INFOPLIST_FILE = SalmaAiTask/Info.plist;
				INFOPLIST_KEY_UIApplicationSupportsIndirectInputEvents = YES;
				INFOPLIST_KEY_UILaunchStoryboardName = LaunchScreen;
				INFOPLIST_KEY_UISupportedInterfaceOrientations_iPad = "UIInterfaceOrientationPortrait UIInterfaceOrientationPortraitUpsideDown UIInterfaceOrientationLandscapeLeft UIInterfaceOrientationLandscapeRight";
				INFOPLIST_KEY_UISupportedInterfaceOrientations_iPhone = "UIInterfaceOrientationPortrait UIInterfaceOrientationLandscapeLeft UIInterfaceOrientationLandscapeRight";
				LD_RUNPATH_SEARCH_PATHS = (
					"$(inherited)",
					"@executable_path/Frameworks",
				);
				MARKETING_VERSION = 1.0;
				PRODUCT_BUNDLE_IDENTIFIER = moawiyathaher.SalmaAiTask;
				PRODUCT_NAME = "$(TARGET_NAME)";
				SWIFT_EMIT_LOC_STRINGS = YES;
				SWIFT_VERSION = 5.0;
				TARGETED_DEVICE_FAMILY = "1,2";
			};
			name = Debug;
		};
		E6635AB92C4EEB9F00424F14 /* Release */ = {
			isa = XCBuildConfiguration;
			buildSettings = {
				ASSETCATALOG_COMPILER_APPICON_NAME = AppIcon;
				ASSETCATALOG_COMPILER_GLOBAL_ACCENT_COLOR_NAME = AccentColor;
				CODE_SIGN_STYLE = Automatic;
				CURRENT_PROJECT_VERSION = 1;
				DEVELOPMENT_TEAM = HHZ4ST2Q6B;
				GENERATE_INFOPLIST_FILE = YES;
				INFOPLIST_FILE = SalmaAiTask/Info.plist;
				INFOPLIST_KEY_UIApplicationSupportsIndirectInputEvents = YES;
				INFOPLIST_KEY_UILaunchStoryboardName = LaunchScreen;
				INFOPLIST_KEY_UISupportedInterfaceOrientations_iPad = "UIInterfaceOrientationPortrait UIInterfaceOrientationPortraitUpsideDown UIInterfaceOrientationLandscapeLeft UIInterfaceOrientationLandscapeRight";
				INFOPLIST_KEY_UISupportedInterfaceOrientations_iPhone = "UIInterfaceOrientationPortrait UIInterfaceOrientationLandscapeLeft UIInterfaceOrientationLandscapeRight";
				LD_RUNPATH_SEARCH_PATHS = (
					"$(inherited)",
					"@executable_path/Frameworks",
				);
				MARKETING_VERSION = 1.0;
				PRODUCT_BUNDLE_IDENTIFIER = moawiyathaher.SalmaAiTask;
				PRODUCT_NAME = "$(TARGET_NAME)";
				SWIFT_EMIT_LOC_STRINGS = YES;
				SWIFT_VERSION = 5.0;
				TARGETED_DEVICE_FAMILY = "1,2";
			};
			name = Release;
		};
		E6635ABB2C4EEB9F00424F14 /* Debug */ = {
			isa = XCBuildConfiguration;
			buildSettings = {
				ALWAYS_EMBED_SWIFT_STANDARD_LIBRARIES = YES;
				BUNDLE_LOADER = "$(TEST_HOST)";
				CODE_SIGN_STYLE = Automatic;
				CURRENT_PROJECT_VERSION = 1;
				DEVELOPMENT_TEAM = HHZ4ST2Q6B;
				GENERATE_INFOPLIST_FILE = YES;
				IPHONEOS_DEPLOYMENT_TARGET = 17.5;
				MARKETING_VERSION = 1.0;
				PRODUCT_BUNDLE_IDENTIFIER = moawiyathaher.SalmaAiTaskTests;
				PRODUCT_NAME = "$(TARGET_NAME)";
				SWIFT_EMIT_LOC_STRINGS = NO;
				SWIFT_VERSION = 5.0;
				TARGETED_DEVICE_FAMILY = "1,2";
				TEST_HOST = "$(BUILT_PRODUCTS_DIR)/SalmaAiTask.app/$(BUNDLE_EXECUTABLE_FOLDER_PATH)/SalmaAiTask";
			};
			name = Debug;
		};
		E6635ABC2C4EEB9F00424F14 /* Release */ = {
			isa = XCBuildConfiguration;
			buildSettings = {
				ALWAYS_EMBED_SWIFT_STANDARD_LIBRARIES = YES;
				BUNDLE_LOADER = "$(TEST_HOST)";
				CODE_SIGN_STYLE = Automatic;
				CURRENT_PROJECT_VERSION = 1;
				DEVELOPMENT_TEAM = HHZ4ST2Q6B;
				GENERATE_INFOPLIST_FILE = YES;
				IPHONEOS_DEPLOYMENT_TARGET = 17.5;
				MARKETING_VERSION = 1.0;
				PRODUCT_BUNDLE_IDENTIFIER = moawiyathaher.SalmaAiTaskTests;
				PRODUCT_NAME = "$(TARGET_NAME)";
				SWIFT_EMIT_LOC_STRINGS = NO;
				SWIFT_VERSION = 5.0;
				TARGETED_DEVICE_FAMILY = "1,2";
				TEST_HOST = "$(BUILT_PRODUCTS_DIR)/SalmaAiTask.app/$(BUNDLE_EXECUTABLE_FOLDER_PATH)/SalmaAiTask";
			};
			name = Release;
		};
		E6635ABE2C4EEB9F00424F14 /* Debug */ = {
			isa = XCBuildConfiguration;
			buildSettings = {
				ALWAYS_EMBED_SWIFT_STANDARD_LIBRARIES = YES;
				CODE_SIGN_STYLE = Automatic;
				CURRENT_PROJECT_VERSION = 1;
				DEVELOPMENT_TEAM = HHZ4ST2Q6B;
				GENERATE_INFOPLIST_FILE = YES;
				MARKETING_VERSION = 1.0;
				PRODUCT_BUNDLE_IDENTIFIER = moawiyathaher.SalmaAiTaskUITests;
				PRODUCT_NAME = "$(TARGET_NAME)";
				SWIFT_EMIT_LOC_STRINGS = NO;
				SWIFT_VERSION = 5.0;
				TARGETED_DEVICE_FAMILY = "1,2";
				TEST_TARGET_NAME = SalmaAiTask;
			};
			name = Debug;
		};
		E6635ABF2C4EEB9F00424F14 /* Release */ = {
			isa = XCBuildConfiguration;
			buildSettings = {
				ALWAYS_EMBED_SWIFT_STANDARD_LIBRARIES = YES;
				CODE_SIGN_STYLE = Automatic;
				CURRENT_PROJECT_VERSION = 1;
				DEVELOPMENT_TEAM = HHZ4ST2Q6B;
				GENERATE_INFOPLIST_FILE = YES;
				MARKETING_VERSION = 1.0;
				PRODUCT_BUNDLE_IDENTIFIER = moawiyathaher.SalmaAiTaskUITests;
				PRODUCT_NAME = "$(TARGET_NAME)";
				SWIFT_EMIT_LOC_STRINGS = NO;
				SWIFT_VERSION = 5.0;
				TARGETED_DEVICE_FAMILY = "1,2";
				TEST_TARGET_NAME = SalmaAiTask;
			};
			name = Release;
		};
/* End XCBuildConfiguration section */

/* Begin XCConfigurationList section */
		E6635A882C4EEB9D00424F14 /* Build configuration list for PBXProject "SalmaAiTask" */ = {
			isa = XCConfigurationList;
			buildConfigurations = (
				E6635AB52C4EEB9F00424F14 /* Debug */,
				E6635AB62C4EEB9F00424F14 /* Release */,
			);
			defaultConfigurationIsVisible = 0;
			defaultConfigurationName = Release;
		};
		E6635AB72C4EEB9F00424F14 /* Build configuration list for PBXNativeTarget "SalmaAiTask" */ = {
			isa = XCConfigurationList;
			buildConfigurations = (
				E6635AB82C4EEB9F00424F14 /* Debug */,
				E6635AB92C4EEB9F00424F14 /* Release */,
			);
			defaultConfigurationIsVisible = 0;
			defaultConfigurationName = Release;
		};
		E6635ABA2C4EEB9F00424F14 /* Build configuration list for PBXNativeTarget "SalmaAiTaskTests" */ = {
			isa = XCConfigurationList;
			buildConfigurations = (
				E6635ABB2C4EEB9F00424F14 /* Debug */,
				E6635ABC2C4EEB9F00424F14 /* Release */,
			);
			defaultConfigurationIsVisible = 0;
			defaultConfigurationName = Release;
		};
		E6635ABD2C4EEB9F00424F14 /* Build configuration list for PBXNativeTarget "SalmaAiTaskUITests" */ = {
			isa = XCConfigurationList;
			buildConfigurations = (
				E6635ABE2C4EEB9F00424F14 /* Debug */,
				E6635ABF2C4EEB9F00424F14 /* Release */,
			);
			defaultConfigurationIsVisible = 0;
			defaultConfigurationName = Release;
		};
/* End XCConfigurationList section */

/* Begin XCRemoteSwiftPackageReference section */
		E6635AC72C4EF38D00424F14 /* XCRemoteSwiftPackageReference "Alamofire" */ = {
			isa = XCRemoteSwiftPackageReference;
			repositoryURL = "https://github.com/Alamofire/Alamofire";
			requirement = {
				kind = upToNextMajorVersion;
				minimumVersion = 5.9.1;
			};
		};
		E6635ACA2C4EF3D900424F14 /* XCRemoteSwiftPackageReference "realm-swift" */ = {
			isa = XCRemoteSwiftPackageReference;
			repositoryURL = "https://github.com/realm/realm-swift";
			requirement = {
				kind = upToNextMajorVersion;
				minimumVersion = 10.52.2;
			};
		};
		E6635AE42C4F097100424F14 /* XCRemoteSwiftPackageReference "SDWebImage" */ = {
			isa = XCRemoteSwiftPackageReference;
			repositoryURL = "https://github.com/SDWebImage/SDWebImage.git";
			requirement = {
				kind = upToNextMajorVersion;
				minimumVersion = 5.19.4;
			};
		};
		E6635AEB2C4FEC6E00424F14 /* XCRemoteSwiftPackageReference "RxSwift" */ = {
			isa = XCRemoteSwiftPackageReference;
			repositoryURL = "https://github.com/ReactiveX/RxSwift";
			requirement = {
				kind = upToNextMajorVersion;
				minimumVersion = 6.7.1;
			};
		};
/* End XCRemoteSwiftPackageReference section */

/* Begin XCSwiftPackageProductDependency section */
		E6635AC82C4EF38E00424F14 /* Alamofire */ = {
			isa = XCSwiftPackageProductDependency;
			package = E6635AC72C4EF38D00424F14 /* XCRemoteSwiftPackageReference "Alamofire" */;
			productName = Alamofire;
		};
		E6635ACB2C4EF3D900424F14 /* RealmSwift */ = {
			isa = XCSwiftPackageProductDependency;
			package = E6635ACA2C4EF3D900424F14 /* XCRemoteSwiftPackageReference "realm-swift" */;
			productName = RealmSwift;
		};
		E6635AE52C4F097100424F14 /* SDWebImage */ = {
			isa = XCSwiftPackageProductDependency;
			package = E6635AE42C4F097100424F14 /* XCRemoteSwiftPackageReference "SDWebImage" */;
			productName = SDWebImage;
		};
		E6635AEC2C4FEC6E00424F14 /* RxBlocking */ = {
			isa = XCSwiftPackageProductDependency;
			package = E6635AEB2C4FEC6E00424F14 /* XCRemoteSwiftPackageReference "RxSwift" */;
			productName = RxBlocking;
		};
		E6635AEE2C4FEC6E00424F14 /* RxCocoa */ = {
			isa = XCSwiftPackageProductDependency;
			package = E6635AEB2C4FEC6E00424F14 /* XCRemoteSwiftPackageReference "RxSwift" */;
			productName = RxCocoa;
		};
		E6635AF02C4FEC6E00424F14 /* RxRelay */ = {
			isa = XCSwiftPackageProductDependency;
			package = E6635AEB2C4FEC6E00424F14 /* XCRemoteSwiftPackageReference "RxSwift" */;
			productName = RxRelay;
		};
/* End XCSwiftPackageProductDependency section */
	};
	rootObject = E6635A852C4EEB9D00424F14 /* Project object */;
}
